# This file is automatically @generated by Cargo.
# It is not intended for manual editing.
version = 4

[[package]]
name = "writ-ast"
version = "0.0.0"

[[package]]
name = "writ-check"
version = "0.0.0"
dependencies = [
 "writ-ast",
 "writ-parser",
]

[[package]]
name = "writ-cli"
version = "0.0.0"
dependencies = [
 "writ-ast",
 "writ-check",
 "writ-codegen",
 "writ-interp",
 "writ-lower",
 "writ-parser",
 "writ-verify",
]

[[package]]
name = "writ-codegen"
version = "0.0.0"
dependencies = [
 "writ-ast",
 "writ-lower",
 "writ-parser",
]

[[package]]
name = "writ-interp"
version = "0.0.0"
dependencies = [
 "writ-ast",
 "writ-lower",
 "writ-parser",
]

[[package]]
name = "writ-lexer"
version = "0.0.0"
dependencies = [
 "writ-ast",
]

[[package]]
name = "writ-lower"
version = "0.0.0"
dependencies = [
 "writ-ast",
 "writ-parser",
]

[[package]]
name = "writ-parser"
version = "0.0.0"
dependencies = [
 "writ-ast",
 "writ-lexer",
]

[[package]]
name = "writ-verify"
version = "0.0.0"
dependencies = [
 "writ-ast",
 "writ-parser",
]
